// !$*UTF8*$!
{
	archiveVersion = 1;
	classes = {
	};
	objectVersion = 56;
	objects = {

/* Begin PBXBuildFile section */
		6211CC77292E35DE00E3A2C7 /* ViewModel.swift in Sources */ = {isa = PBXBuildFile; fileRef = 6211CC76292E35DE00E3A2C7 /* ViewModel.swift */; };
		6211CC7C292E363400E3A2C7 /* GoogleService-Info.plist in Resources */ = {isa = PBXBuildFile; fileRef = 6211CC7B292E363400E3A2C7 /* GoogleService-Info.plist */; };
		6211CC7F292E370000E3A2C7 /* FirebaseFirestore in Frameworks */ = {isa = PBXBuildFile; productRef = 6211CC7E292E370000E3A2C7 /* FirebaseFirestore */; };
		6211CC81292E376100E3A2C7 /* Trip.swift in Sources */ = {isa = PBXBuildFile; fileRef = 6211CC80292E376100E3A2C7 /* Trip.swift */; };
		6211CC83292E376B00E3A2C7 /* Posts.swift in Sources */ = {isa = PBXBuildFile; fileRef = 6211CC82292E376B00E3A2C7 /* Posts.swift */; };
		6211CC85292F6EB900E3A2C7 /* ImagePicker.swift in Sources */ = {isa = PBXBuildFile; fileRef = 6211CC84292F6EB900E3A2C7 /* ImagePicker.swift */; };
		6211CC88292F7F7A00E3A2C7 /* FirebaseStorage in Frameworks */ = {isa = PBXBuildFile; productRef = 6211CC87292F7F7A00E3A2C7 /* FirebaseStorage */; };
		624C50C829376DFF004E9C27 /* Login.swift in Sources */ = {isa = PBXBuildFile; fileRef = 624C50C729376DFF004E9C27 /* Login.swift */; };
		624C50CA29378B07004E9C27 /* User.swift in Sources */ = {isa = PBXBuildFile; fileRef = 624C50C929378B07004E9C27 /* User.swift */; };
		624C50CC2938CD60004E9C27 /* FirstPage.swift in Sources */ = {isa = PBXBuildFile; fileRef = 624C50CB2938CD60004E9C27 /* FirstPage.swift */; };
		624C50D0293DFBAA004E9C27 /* TestViewDatabase.swift in Sources */ = {isa = PBXBuildFile; fileRef = 624C50CF293DFBAA004E9C27 /* TestViewDatabase.swift */; };
		624C50D2293DFCB1004E9C27 /* HomeView.swift in Sources */ = {isa = PBXBuildFile; fileRef = 624C50D1293DFCB1004E9C27 /* HomeView.swift */; };
		624C50D4293DFCCB004E9C27 /* PostView.swift in Sources */ = {isa = PBXBuildFile; fileRef = 624C50D3293DFCCB004E9C27 /* PostView.swift */; };
		624C50D6293DFCE5004E9C27 /* ProfileView.swift in Sources */ = {isa = PBXBuildFile; fileRef = 624C50D5293DFCE5004E9C27 /* ProfileView.swift */; };
		624C50D8293DFD0E004E9C27 /* DetailImageView.swift in Sources */ = {isa = PBXBuildFile; fileRef = 624C50D7293DFD0E004E9C27 /* DetailImageView.swift */; };
		624C50DB293DFD3E004E9C27 /* LocationManager.swift in Sources */ = {isa = PBXBuildFile; fileRef = 624C50DA293DFD3E004E9C27 /* LocationManager.swift */; };
		6AA4203D29419AD400FDF230 /* SpeechRecognizer.swift in Sources */ = {isa = PBXBuildFile; fileRef = 6AA4203C29419AD400FDF230 /* SpeechRecognizer.swift */; };
		6AA71906291BCD4500F691FE /* SirpaApp.swift in Sources */ = {isa = PBXBuildFile; fileRef = 6AA71905291BCD4500F691FE /* SirpaApp.swift */; };
		6AA71908291BCD4500F691FE /* ContentView.swift in Sources */ = {isa = PBXBuildFile; fileRef = 6AA71907291BCD4500F691FE /* ContentView.swift */; };
		6AA7190A291BCD4700F691FE /* Assets.xcassets in Resources */ = {isa = PBXBuildFile; fileRef = 6AA71909291BCD4700F691FE /* Assets.xcassets */; };
		6AA7190D291BCD4700F691FE /* Preview Assets.xcassets in Resources */ = {isa = PBXBuildFile; fileRef = 6AA7190C291BCD4700F691FE /* Preview Assets.xcassets */; };
		6AA7190F291BCD4700F691FE /* Persistence.swift in Sources */ = {isa = PBXBuildFile; fileRef = 6AA7190E291BCD4700F691FE /* Persistence.swift */; };
		6AA71912291BCD4700F691FE /* Sirpa.xcdatamodeld in Sources */ = {isa = PBXBuildFile; fileRef = 6AA71910291BCD4700F691FE /* Sirpa.xcdatamodeld */; };
		6AA7191D291BCD4700F691FE /* SirpaTests.swift in Sources */ = {isa = PBXBuildFile; fileRef = 6AA7191C291BCD4700F691FE /* SirpaTests.swift */; };
		6AA71927291BCD4700F691FE /* SirpaUITests.swift in Sources */ = {isa = PBXBuildFile; fileRef = 6AA71926291BCD4700F691FE /* SirpaUITests.swift */; };
		6AA71929291BCD4700F691FE /* SirpaUITestsLaunchTests.swift in Sources */ = {isa = PBXBuildFile; fileRef = 6AA71928291BCD4700F691FE /* SirpaUITestsLaunchTests.swift */; };
		6AD5B89B293A5AFE0067C488 /* MapMarkers.swift in Sources */ = {isa = PBXBuildFile; fileRef = 6AD5B89A293A5AFE0067C488 /* MapMarkers.swift */; };
/* End PBXBuildFile section */

/* Begin PBXContainerItemProxy section */
		6AA71919291BCD4700F691FE /* PBXContainerItemProxy */ = {
			isa = PBXContainerItemProxy;
			containerPortal = 6AA718FA291BCD4500F691FE /* Project object */;
			proxyType = 1;
			remoteGlobalIDString = 6AA71901291BCD4500F691FE;
			remoteInfo = Sirpa;
		};
		6AA71923291BCD4700F691FE /* PBXContainerItemProxy */ = {
			isa = PBXContainerItemProxy;
			containerPortal = 6AA718FA291BCD4500F691FE /* Project object */;
			proxyType = 1;
			remoteGlobalIDString = 6AA71901291BCD4500F691FE;
			remoteInfo = Sirpa;
		};
/* End PBXContainerItemProxy section */

/* Begin PBXFileReference section */
		6211CC76292E35DE00E3A2C7 /* ViewModel.swift */ = {isa = PBXFileReference; lastKnownFileType = sourcecode.swift; path = ViewModel.swift; sourceTree = "<group>"; };
		6211CC7B292E363400E3A2C7 /* GoogleService-Info.plist */ = {isa = PBXFileReference; fileEncoding = 4; lastKnownFileType = text.plist.xml; path = "GoogleService-Info.plist"; sourceTree = "<group>"; };
		6211CC80292E376100E3A2C7 /* Trip.swift */ = {isa = PBXFileReference; lastKnownFileType = sourcecode.swift; path = Trip.swift; sourceTree = "<group>"; };
		6211CC82292E376B00E3A2C7 /* Posts.swift */ = {isa = PBXFileReference; lastKnownFileType = sourcecode.swift; path = Posts.swift; sourceTree = "<group>"; };
		6211CC84292F6EB900E3A2C7 /* ImagePicker.swift */ = {isa = PBXFileReference; lastKnownFileType = sourcecode.swift; path = ImagePicker.swift; sourceTree = "<group>"; };
		624C50C729376DFF004E9C27 /* Login.swift */ = {isa = PBXFileReference; lastKnownFileType = sourcecode.swift; path = Login.swift; sourceTree = "<group>"; };
		624C50C929378B07004E9C27 /* User.swift */ = {isa = PBXFileReference; lastKnownFileType = sourcecode.swift; path = User.swift; sourceTree = "<group>"; };
		624C50CB2938CD60004E9C27 /* FirstPage.swift */ = {isa = PBXFileReference; lastKnownFileType = sourcecode.swift; path = FirstPage.swift; sourceTree = "<group>"; };
		624C50CF293DFBAA004E9C27 /* TestViewDatabase.swift */ = {isa = PBXFileReference; lastKnownFileType = sourcecode.swift; path = TestViewDatabase.swift; sourceTree = "<group>"; };
		624C50D1293DFCB1004E9C27 /* HomeView.swift */ = {isa = PBXFileReference; lastKnownFileType = sourcecode.swift; path = HomeView.swift; sourceTree = "<group>"; };
		624C50D3293DFCCB004E9C27 /* PostView.swift */ = {isa = PBXFileReference; lastKnownFileType = sourcecode.swift; path = PostView.swift; sourceTree = "<group>"; };
		624C50D5293DFCE5004E9C27 /* ProfileView.swift */ = {isa = PBXFileReference; lastKnownFileType = sourcecode.swift; path = ProfileView.swift; sourceTree = "<group>"; };
		624C50D7293DFD0E004E9C27 /* DetailImageView.swift */ = {isa = PBXFileReference; lastKnownFileType = sourcecode.swift; path = DetailImageView.swift; sourceTree = "<group>"; };
		624C50DA293DFD3E004E9C27 /* LocationManager.swift */ = {isa = PBXFileReference; lastKnownFileType = sourcecode.swift; path = LocationManager.swift; sourceTree = "<group>"; };
		6AA4203C29419AD400FDF230 /* SpeechRecognizer.swift */ = {isa = PBXFileReference; lastKnownFileType = sourcecode.swift; path = SpeechRecognizer.swift; sourceTree = "<group>"; };
		6AA71902291BCD4500F691FE /* Sirpa.app */ = {isa = PBXFileReference; explicitFileType = wrapper.application; includeInIndex = 0; path = Sirpa.app; sourceTree = BUILT_PRODUCTS_DIR; };
		6AA71905291BCD4500F691FE /* SirpaApp.swift */ = {isa = PBXFileReference; lastKnownFileType = sourcecode.swift; path = SirpaApp.swift; sourceTree = "<group>"; };
		6AA71907291BCD4500F691FE /* ContentView.swift */ = {isa = PBXFileReference; lastKnownFileType = sourcecode.swift; path = ContentView.swift; sourceTree = "<group>"; };
		6AA71909291BCD4700F691FE /* Assets.xcassets */ = {isa = PBXFileReference; lastKnownFileType = folder.assetcatalog; path = Assets.xcassets; sourceTree = "<group>"; };
		6AA7190C291BCD4700F691FE /* Preview Assets.xcassets */ = {isa = PBXFileReference; lastKnownFileType = folder.assetcatalog; path = "Preview Assets.xcassets"; sourceTree = "<group>"; };
		6AA7190E291BCD4700F691FE /* Persistence.swift */ = {isa = PBXFileReference; lastKnownFileType = sourcecode.swift; path = Persistence.swift; sourceTree = "<group>"; };
		6AA71911291BCD4700F691FE /* Sirpa.xcdatamodel */ = {isa = PBXFileReference; lastKnownFileType = wrapper.xcdatamodel; path = Sirpa.xcdatamodel; sourceTree = "<group>"; };
		6AA71913291BCD4700F691FE /* Info.plist */ = {isa = PBXFileReference; lastKnownFileType = text.plist.xml; path = Info.plist; sourceTree = "<group>"; };
		6AA71918291BCD4700F691FE /* SirpaTests.xctest */ = {isa = PBXFileReference; explicitFileType = wrapper.cfbundle; includeInIndex = 0; path = SirpaTests.xctest; sourceTree = BUILT_PRODUCTS_DIR; };
		6AA7191C291BCD4700F691FE /* SirpaTests.swift */ = {isa = PBXFileReference; lastKnownFileType = sourcecode.swift; path = SirpaTests.swift; sourceTree = "<group>"; };
		6AA71922291BCD4700F691FE /* SirpaUITests.xctest */ = {isa = PBXFileReference; explicitFileType = wrapper.cfbundle; includeInIndex = 0; path = SirpaUITests.xctest; sourceTree = BUILT_PRODUCTS_DIR; };
		6AA71926291BCD4700F691FE /* SirpaUITests.swift */ = {isa = PBXFileReference; lastKnownFileType = sourcecode.swift; path = SirpaUITests.swift; sourceTree = "<group>"; };
		6AA71928291BCD4700F691FE /* SirpaUITestsLaunchTests.swift */ = {isa = PBXFileReference; lastKnownFileType = sourcecode.swift; path = SirpaUITestsLaunchTests.swift; sourceTree = "<group>"; };
		6AD5B89A293A5AFE0067C488 /* MapMarkers.swift */ = {isa = PBXFileReference; lastKnownFileType = sourcecode.swift; path = MapMarkers.swift; sourceTree = "<group>"; };
/* End PBXFileReference section */

/* Begin PBXFrameworksBuildPhase section */
		6AA718FF291BCD4500F691FE /* Frameworks */ = {
			isa = PBXFrameworksBuildPhase;
			buildActionMask = 2147483647;
			files = (
				6211CC7F292E370000E3A2C7 /* FirebaseFirestore in Frameworks */,
				6211CC88292F7F7A00E3A2C7 /* FirebaseStorage in Frameworks */,
			);
			runOnlyForDeploymentPostprocessing = 0;
		};
		6AA71915291BCD4700F691FE /* Frameworks */ = {
			isa = PBXFrameworksBuildPhase;
			buildActionMask = 2147483647;
			files = (
			);
			runOnlyForDeploymentPostprocessing = 0;
		};
		6AA7191F291BCD4700F691FE /* Frameworks */ = {
			isa = PBXFrameworksBuildPhase;
			buildActionMask = 2147483647;
			files = (
			);
			runOnlyForDeploymentPostprocessing = 0;
		};
/* End PBXFrameworksBuildPhase section */

/* Begin PBXGroup section */
		6211CC74292E35BD00E3A2C7 /* Views */ = {
			isa = PBXGroup;
			children = (
				6AA71907291BCD4500F691FE /* ContentView.swift */,
				624C50C729376DFF004E9C27 /* Login.swift */,
				624C50CB2938CD60004E9C27 /* FirstPage.swift */,
				624C50CF293DFBAA004E9C27 /* TestViewDatabase.swift */,
				624C50D1293DFCB1004E9C27 /* HomeView.swift */,
				624C50D3293DFCCB004E9C27 /* PostView.swift */,
				624C50D5293DFCE5004E9C27 /* ProfileView.swift */,
				624C50D7293DFD0E004E9C27 /* DetailImageView.swift */,
			);
			path = Views;
			sourceTree = "<group>";
		};
		6211CC75292E35CB00E3A2C7 /* ViewModels */ = {
			isa = PBXGroup;
			children = (
				6211CC76292E35DE00E3A2C7 /* ViewModel.swift */,
			);
			path = ViewModels;
			sourceTree = "<group>";
		};
		6211CC78292E35EA00E3A2C7 /* Models */ = {
			isa = PBXGroup;
			children = (
				6211CC80292E376100E3A2C7 /* Trip.swift */,
				6211CC82292E376B00E3A2C7 /* Posts.swift */,
				624C50C929378B07004E9C27 /* User.swift */,
				6211CC84292F6EB900E3A2C7 /* ImagePicker.swift */,
				6AD5B89A293A5AFE0067C488 /* MapMarkers.swift */,
				6AA4203C29419AD400FDF230 /* SpeechRecognizer.swift */,
			);
			path = Models;
			sourceTree = "<group>";
		};
		6211CC86292F7F7A00E3A2C7 /* Frameworks */ = {
			isa = PBXGroup;
			children = (
			);
			name = Frameworks;
			sourceTree = "<group>";
		};
		624C50D9293DFD2C004E9C27 /* Managers */ = {
			isa = PBXGroup;
			children = (
				624C50DA293DFD3E004E9C27 /* LocationManager.swift */,
			);
			path = Managers;
			sourceTree = "<group>";
		};
		6AA718F9291BCD4500F691FE = {
			isa = PBXGroup;
			children = (
				6AA71904291BCD4500F691FE /* Sirpa */,
				6AA7191B291BCD4700F691FE /* SirpaTests */,
				6AA71925291BCD4700F691FE /* SirpaUITests */,
				6AA71903291BCD4500F691FE /* Products */,
				6211CC86292F7F7A00E3A2C7 /* Frameworks */,
			);
			sourceTree = "<group>";
		};
		6AA71903291BCD4500F691FE /* Products */ = {
			isa = PBXGroup;
			children = (
				6AA71902291BCD4500F691FE /* Sirpa.app */,
				6AA71918291BCD4700F691FE /* SirpaTests.xctest */,
				6AA71922291BCD4700F691FE /* SirpaUITests.xctest */,
			);
			name = Products;
			sourceTree = "<group>";
		};
		6AA71904291BCD4500F691FE /* Sirpa */ = {
			isa = PBXGroup;
			children = (
				624C50D9293DFD2C004E9C27 /* Managers */,
				6211CC78292E35EA00E3A2C7 /* Models */,
				6211CC75292E35CB00E3A2C7 /* ViewModels */,
				6211CC74292E35BD00E3A2C7 /* Views */,
				6AA71905291BCD4500F691FE /* SirpaApp.swift */,
				6AA71909291BCD4700F691FE /* Assets.xcassets */,
				6AA7190E291BCD4700F691FE /* Persistence.swift */,
				6211CC7B292E363400E3A2C7 /* GoogleService-Info.plist */,
				6AA71913291BCD4700F691FE /* Info.plist */,
				6AA71910291BCD4700F691FE /* Sirpa.xcdatamodeld */,
				6AA7190B291BCD4700F691FE /* Preview Content */,
			);
			path = Sirpa;
			sourceTree = "<group>";
		};
		6AA7190B291BCD4700F691FE /* Preview Content */ = {
			isa = PBXGroup;
			children = (
				6AA7190C291BCD4700F691FE /* Preview Assets.xcassets */,
			);
			path = "Preview Content";
			sourceTree = "<group>";
		};
		6AA7191B291BCD4700F691FE /* SirpaTests */ = {
			isa = PBXGroup;
			children = (
				6AA7191C291BCD4700F691FE /* SirpaTests.swift */,
			);
			path = SirpaTests;
			sourceTree = "<group>";
		};
		6AA71925291BCD4700F691FE /* SirpaUITests */ = {
			isa = PBXGroup;
			children = (
				6AA71926291BCD4700F691FE /* SirpaUITests.swift */,
				6AA71928291BCD4700F691FE /* SirpaUITestsLaunchTests.swift */,
			);
			path = SirpaUITests;
			sourceTree = "<group>";
		};
/* End PBXGroup section */

/* Begin PBXNativeTarget section */
		6AA71901291BCD4500F691FE /* Sirpa */ = {
			isa = PBXNativeTarget;
			buildConfigurationList = 6AA7192C291BCD4700F691FE /* Build configuration list for PBXNativeTarget "Sirpa" */;
			buildPhases = (
				6AA718FE291BCD4500F691FE /* Sources */,
				6AA718FF291BCD4500F691FE /* Frameworks */,
				6AA71900291BCD4500F691FE /* Resources */,
			);
			buildRules = (
			);
			dependencies = (
			);
			name = Sirpa;
			packageProductDependencies = (
				6211CC7E292E370000E3A2C7 /* FirebaseFirestore */,
				6211CC87292F7F7A00E3A2C7 /* FirebaseStorage */,
			);
			productName = Sirpa;
			productReference = 6AA71902291BCD4500F691FE /* Sirpa.app */;
			productType = "com.apple.product-type.application";
		};
		6AA71917291BCD4700F691FE /* SirpaTests */ = {
			isa = PBXNativeTarget;
			buildConfigurationList = 6AA7192F291BCD4700F691FE /* Build configuration list for PBXNativeTarget "SirpaTests" */;
			buildPhases = (
				6AA71914291BCD4700F691FE /* Sources */,
				6AA71915291BCD4700F691FE /* Frameworks */,
				6AA71916291BCD4700F691FE /* Resources */,
			);
			buildRules = (
			);
			dependencies = (
				6AA7191A291BCD4700F691FE /* PBXTargetDependency */,
			);
			name = SirpaTests;
			productName = SirpaTests;
			productReference = 6AA71918291BCD4700F691FE /* SirpaTests.xctest */;
			productType = "com.apple.product-type.bundle.unit-test";
		};
		6AA71921291BCD4700F691FE /* SirpaUITests */ = {
			isa = PBXNativeTarget;
			buildConfigurationList = 6AA71932291BCD4700F691FE /* Build configuration list for PBXNativeTarget "SirpaUITests" */;
			buildPhases = (
				6AA7191E291BCD4700F691FE /* Sources */,
				6AA7191F291BCD4700F691FE /* Frameworks */,
				6AA71920291BCD4700F691FE /* Resources */,
			);
			buildRules = (
			);
			dependencies = (
				6AA71924291BCD4700F691FE /* PBXTargetDependency */,
			);
			name = SirpaUITests;
			productName = SirpaUITests;
			productReference = 6AA71922291BCD4700F691FE /* SirpaUITests.xctest */;
			productType = "com.apple.product-type.bundle.ui-testing";
		};
/* End PBXNativeTarget section */

/* Begin PBXProject section */
		6AA718FA291BCD4500F691FE /* Project object */ = {
			isa = PBXProject;
			attributes = {
				BuildIndependentTargetsInParallel = 1;
				LastSwiftUpdateCheck = 1400;
				LastUpgradeCheck = 1400;
				TargetAttributes = {
					6AA71901291BCD4500F691FE = {
						CreatedOnToolsVersion = 14.0.1;
					};
					6AA71917291BCD4700F691FE = {
						CreatedOnToolsVersion = 14.0.1;
						TestTargetID = 6AA71901291BCD4500F691FE;
					};
					6AA71921291BCD4700F691FE = {
						CreatedOnToolsVersion = 14.0.1;
						TestTargetID = 6AA71901291BCD4500F691FE;
					};
				};
			};
			buildConfigurationList = 6AA718FD291BCD4500F691FE /* Build configuration list for PBXProject "Sirpa" */;
			compatibilityVersion = "Xcode 14.0";
			developmentRegion = en;
			hasScannedForEncodings = 0;
			knownRegions = (
				en,
				Base,
			);
			mainGroup = 6AA718F9291BCD4500F691FE;
			packageReferences = (
				6211CC7D292E370000E3A2C7 /* XCRemoteSwiftPackageReference "firebase-ios-sdk" */,
			);
			productRefGroup = 6AA71903291BCD4500F691FE /* Products */;
			projectDirPath = "";
			projectRoot = "";
			targets = (
				6AA71901291BCD4500F691FE /* Sirpa */,
				6AA71917291BCD4700F691FE /* SirpaTests */,
				6AA71921291BCD4700F691FE /* SirpaUITests */,
			);
		};
/* End PBXProject section */

/* Begin PBXResourcesBuildPhase section */
		6AA71900291BCD4500F691FE /* Resources */ = {
			isa = PBXResourcesBuildPhase;
			buildActionMask = 2147483647;
			files = (
				6AA7190D291BCD4700F691FE /* Preview Assets.xcassets in Resources */,
				6AA7190A291BCD4700F691FE /* Assets.xcassets in Resources */,
				6211CC7C292E363400E3A2C7 /* GoogleService-Info.plist in Resources */,
			);
			runOnlyForDeploymentPostprocessing = 0;
		};
		6AA71916291BCD4700F691FE /* Resources */ = {
			isa = PBXResourcesBuildPhase;
			buildActionMask = 2147483647;
			files = (
			);
			runOnlyForDeploymentPostprocessing = 0;
		};
		6AA71920291BCD4700F691FE /* Resources */ = {
			isa = PBXResourcesBuildPhase;
			buildActionMask = 2147483647;
			files = (
			);
			runOnlyForDeploymentPostprocessing = 0;
		};
/* End PBXResourcesBuildPhase section */

/* Begin PBXSourcesBuildPhase section */
		6AA718FE291BCD4500F691FE /* Sources */ = {
			isa = PBXSourcesBuildPhase;
			buildActionMask = 2147483647;
			files = (
				6211CC81292E376100E3A2C7 /* Trip.swift in Sources */,
				624C50D2293DFCB1004E9C27 /* HomeView.swift in Sources */,
				6211CC77292E35DE00E3A2C7 /* ViewModel.swift in Sources */,
				6AA7190F291BCD4700F691FE /* Persistence.swift in Sources */,
				624C50D8293DFD0E004E9C27 /* DetailImageView.swift in Sources */,
				624C50C829376DFF004E9C27 /* Login.swift in Sources */,
				6AA71912291BCD4700F691FE /* Sirpa.xcdatamodeld in Sources */,
				6AA71908291BCD4500F691FE /* ContentView.swift in Sources */,
				624C50DB293DFD3E004E9C27 /* LocationManager.swift in Sources */,
				6AA4203D29419AD400FDF230 /* SpeechRecognizer.swift in Sources */,
				6AD5B89B293A5AFE0067C488 /* MapMarkers.swift in Sources */,
				624C50D6293DFCE5004E9C27 /* ProfileView.swift in Sources */,
				624C50CC2938CD60004E9C27 /* FirstPage.swift in Sources */,
				6211CC85292F6EB900E3A2C7 /* ImagePicker.swift in Sources */,
				624C50D0293DFBAA004E9C27 /* TestViewDatabase.swift in Sources */,
				6211CC83292E376B00E3A2C7 /* Posts.swift in Sources */,
				624C50CA29378B07004E9C27 /* User.swift in Sources */,
				624C50D4293DFCCB004E9C27 /* PostView.swift in Sources */,
				6AA71906291BCD4500F691FE /* SirpaApp.swift in Sources */,
			);
			runOnlyForDeploymentPostprocessing = 0;
		};
		6AA71914291BCD4700F691FE /* Sources */ = {
			isa = PBXSourcesBuildPhase;
			buildActionMask = 2147483647;
			files = (
				6AA7191D291BCD4700F691FE /* SirpaTests.swift in Sources */,
			);
			runOnlyForDeploymentPostprocessing = 0;
		};
		6AA7191E291BCD4700F691FE /* Sources */ = {
			isa = PBXSourcesBuildPhase;
			buildActionMask = 2147483647;
			files = (
				6AA71929291BCD4700F691FE /* SirpaUITestsLaunchTests.swift in Sources */,
				6AA71927291BCD4700F691FE /* SirpaUITests.swift in Sources */,
			);
			runOnlyForDeploymentPostprocessing = 0;
		};
/* End PBXSourcesBuildPhase section */

/* Begin PBXTargetDependency section */
		6AA7191A291BCD4700F691FE /* PBXTargetDependency */ = {
			isa = PBXTargetDependency;
			target = 6AA71901291BCD4500F691FE /* Sirpa */;
			targetProxy = 6AA71919291BCD4700F691FE /* PBXContainerItemProxy */;
		};
		6AA71924291BCD4700F691FE /* PBXTargetDependency */ = {
			isa = PBXTargetDependency;
			target = 6AA71901291BCD4500F691FE /* Sirpa */;
			targetProxy = 6AA71923291BCD4700F691FE /* PBXContainerItemProxy */;
		};
/* End PBXTargetDependency section */

/* Begin XCBuildConfiguration section */
		6AA7192A291BCD4700F691FE /* Debug */ = {
			isa = XCBuildConfiguration;
			buildSettings = {
				ALWAYS_SEARCH_USER_PATHS = NO;
				CLANG_ANALYZER_NONNULL = YES;
				CLANG_ANALYZER_NUMBER_OBJECT_CONVERSION = YES_AGGRESSIVE;
				CLANG_CXX_LANGUAGE_STANDARD = "gnu++20";
				CLANG_ENABLE_MODULES = YES;
				CLANG_ENABLE_OBJC_ARC = YES;
				CLANG_ENABLE_OBJC_WEAK = YES;
				CLANG_WARN_BLOCK_CAPTURE_AUTORELEASING = YES;
				CLANG_WARN_BOOL_CONVERSION = YES;
				CLANG_WARN_COMMA = YES;
				CLANG_WARN_CONSTANT_CONVERSION = YES;
				CLANG_WARN_DEPRECATED_OBJC_IMPLEMENTATIONS = YES;
				CLANG_WARN_DIRECT_OBJC_ISA_USAGE = YES_ERROR;
				CLANG_WARN_DOCUMENTATION_COMMENTS = YES;
				CLANG_WARN_EMPTY_BODY = YES;
				CLANG_WARN_ENUM_CONVERSION = YES;
				CLANG_WARN_INFINITE_RECURSION = YES;
				CLANG_WARN_INT_CONVERSION = YES;
				CLANG_WARN_NON_LITERAL_NULL_CONVERSION = YES;
				CLANG_WARN_OBJC_IMPLICIT_RETAIN_SELF = YES;
				CLANG_WARN_OBJC_LITERAL_CONVERSION = YES;
				CLANG_WARN_OBJC_ROOT_CLASS = YES_ERROR;
				CLANG_WARN_QUOTED_INCLUDE_IN_FRAMEWORK_HEADER = YES;
				CLANG_WARN_RANGE_LOOP_ANALYSIS = YES;
				CLANG_WARN_STRICT_PROTOTYPES = YES;
				CLANG_WARN_SUSPICIOUS_MOVE = YES;
				CLANG_WARN_UNGUARDED_AVAILABILITY = YES_AGGRESSIVE;
				CLANG_WARN_UNREACHABLE_CODE = YES;
				CLANG_WARN__DUPLICATE_METHOD_MATCH = YES;
				COPY_PHASE_STRIP = NO;
				DEBUG_INFORMATION_FORMAT = dwarf;
				ENABLE_STRICT_OBJC_MSGSEND = YES;
				ENABLE_TESTABILITY = YES;
				GCC_C_LANGUAGE_STANDARD = gnu11;
				GCC_DYNAMIC_NO_PIC = NO;
				GCC_NO_COMMON_BLOCKS = YES;
				GCC_OPTIMIZATION_LEVEL = 0;
				GCC_PREPROCESSOR_DEFINITIONS = (
					"DEBUG=1",
					"$(inherited)",
				);
				GCC_WARN_64_TO_32_BIT_CONVERSION = YES;
				GCC_WARN_ABOUT_RETURN_TYPE = YES_ERROR;
				GCC_WARN_UNDECLARED_SELECTOR = YES;
				GCC_WARN_UNINITIALIZED_AUTOS = YES_AGGRESSIVE;
				GCC_WARN_UNUSED_FUNCTION = YES;
				GCC_WARN_UNUSED_VARIABLE = YES;
				IPHONEOS_DEPLOYMENT_TARGET = 16.0;
				MTL_ENABLE_DEBUG_INFO = INCLUDE_SOURCE;
				MTL_FAST_MATH = YES;
				ONLY_ACTIVE_ARCH = YES;
				SDKROOT = iphoneos;
				SWIFT_ACTIVE_COMPILATION_CONDITIONS = DEBUG;
				SWIFT_OPTIMIZATION_LEVEL = "-Onone";
			};
			name = Debug;
		};
		6AA7192B291BCD4700F691FE /* Release */ = {
			isa = XCBuildConfiguration;
			buildSettings = {
				ALWAYS_SEARCH_USER_PATHS = NO;
				CLANG_ANALYZER_NONNULL = YES;
				CLANG_ANALYZER_NUMBER_OBJECT_CONVERSION = YES_AGGRESSIVE;
				CLANG_CXX_LANGUAGE_STANDARD = "gnu++20";
				CLANG_ENABLE_MODULES = YES;
				CLANG_ENABLE_OBJC_ARC = YES;
				CLANG_ENABLE_OBJC_WEAK = YES;
				CLANG_WARN_BLOCK_CAPTURE_AUTORELEASING = YES;
				CLANG_WARN_BOOL_CONVERSION = YES;
				CLANG_WARN_COMMA = YES;
				CLANG_WARN_CONSTANT_CONVERSION = YES;
				CLANG_WARN_DEPRECATED_OBJC_IMPLEMENTATIONS = YES;
				CLANG_WARN_DIRECT_OBJC_ISA_USAGE = YES_ERROR;
				CLANG_WARN_DOCUMENTATION_COMMENTS = YES;
				CLANG_WARN_EMPTY_BODY = YES;
				CLANG_WARN_ENUM_CONVERSION = YES;
				CLANG_WARN_INFINITE_RECURSION = YES;
				CLANG_WARN_INT_CONVERSION = YES;
				CLANG_WARN_NON_LITERAL_NULL_CONVERSION = YES;
				CLANG_WARN_OBJC_IMPLICIT_RETAIN_SELF = YES;
				CLANG_WARN_OBJC_LITERAL_CONVERSION = YES;
				CLANG_WARN_OBJC_ROOT_CLASS = YES_ERROR;
				CLANG_WARN_QUOTED_INCLUDE_IN_FRAMEWORK_HEADER = YES;
				CLANG_WARN_RANGE_LOOP_ANALYSIS = YES;
				CLANG_WARN_STRICT_PROTOTYPES = YES;
				CLANG_WARN_SUSPICIOUS_MOVE = YES;
				CLANG_WARN_UNGUARDED_AVAILABILITY = YES_AGGRESSIVE;
				CLANG_WARN_UNREACHABLE_CODE = YES;
				CLANG_WARN__DUPLICATE_METHOD_MATCH = YES;
				COPY_PHASE_STRIP = NO;
				DEBUG_INFORMATION_FORMAT = "dwarf-with-dsym";
				ENABLE_NS_ASSERTIONS = NO;
				ENABLE_STRICT_OBJC_MSGSEND = YES;
				GCC_C_LANGUAGE_STANDARD = gnu11;
				GCC_NO_COMMON_BLOCKS = YES;
				GCC_WARN_64_TO_32_BIT_CONVERSION = YES;
				GCC_WARN_ABOUT_RETURN_TYPE = YES_ERROR;
				GCC_WARN_UNDECLARED_SELECTOR = YES;
				GCC_WARN_UNINITIALIZED_AUTOS = YES_AGGRESSIVE;
				GCC_WARN_UNUSED_FUNCTION = YES;
				GCC_WARN_UNUSED_VARIABLE = YES;
				IPHONEOS_DEPLOYMENT_TARGET = 16.0;
				MTL_ENABLE_DEBUG_INFO = NO;
				MTL_FAST_MATH = YES;
				SDKROOT = iphoneos;
				SWIFT_COMPILATION_MODE = wholemodule;
				SWIFT_OPTIMIZATION_LEVEL = "-O";
				VALIDATE_PRODUCT = YES;
			};
			name = Release;
		};
		6AA7192D291BCD4700F691FE /* Debug */ = {
			isa = XCBuildConfiguration;
			buildSettings = {
				ASSETCATALOG_COMPILER_APPICON_NAME = AppIcon;
				ASSETCATALOG_COMPILER_GLOBAL_ACCENT_COLOR_NAME = AccentColor;
				CODE_SIGN_STYLE = Automatic;
				CURRENT_PROJECT_VERSION = 1;
				DEVELOPMENT_ASSET_PATHS = "\"Sirpa/Preview Content\"";
				DEVELOPMENT_TEAM = 7BS29P47C2;
				ENABLE_PREVIEWS = YES;
				GENERATE_INFOPLIST_FILE = YES;
				INFOPLIST_FILE = Sirpa/Info.plist;
				INFOPLIST_KEY_NSMicrophoneUsageDescription = "Microphone requires permission";
				INFOPLIST_KEY_NSSpeechRecognitionUsageDescription = "Speech Recognition needs permission";
				INFOPLIST_KEY_UIApplicationSceneManifest_Generation = YES;
				INFOPLIST_KEY_UIApplicationSupportsIndirectInputEvents = YES;
				INFOPLIST_KEY_UILaunchScreen_Generation = YES;
				INFOPLIST_KEY_UISupportedInterfaceOrientations_iPad = "UIInterfaceOrientationPortrait UIInterfaceOrientationPortraitUpsideDown UIInterfaceOrientationLandscapeLeft UIInterfaceOrientationLandscapeRight";
				INFOPLIST_KEY_UISupportedInterfaceOrientations_iPhone = "UIInterfaceOrientationPortrait UIInterfaceOrientationLandscapeLeft UIInterfaceOrientationLandscapeRight";
				LD_RUNPATH_SEARCH_PATHS = (
					"$(inherited)",
					"@executable_path/Frameworks",
				);
				MARKETING_VERSION = 1.0;
				PRODUCT_BUNDLE_IDENTIFIER = sirpa.org.Sirpa;
				PRODUCT_NAME = "$(TARGET_NAME)";
				SWIFT_EMIT_LOC_STRINGS = YES;
				SWIFT_VERSION = 5.0;
				TARGETED_DEVICE_FAMILY = "1,2";
			};
			name = Debug;
		};
		6AA7192E291BCD4700F691FE /* Release */ = {
			isa = XCBuildConfiguration;
			buildSettings = {
				ASSETCATALOG_COMPILER_APPICON_NAME = AppIcon;
				ASSETCATALOG_COMPILER_GLOBAL_ACCENT_COLOR_NAME = AccentColor;
				CODE_SIGN_STYLE = Automatic;
				CURRENT_PROJECT_VERSION = 1;
				DEVELOPMENT_ASSET_PATHS = "\"Sirpa/Preview Content\"";
				DEVELOPMENT_TEAM = 7BS29P47C2;
				ENABLE_PREVIEWS = YES;
				GENERATE_INFOPLIST_FILE = YES;
				INFOPLIST_FILE = Sirpa/Info.plist;
				INFOPLIST_KEY_NSMicrophoneUsageDescription = "Microphone requires permission";
				INFOPLIST_KEY_NSSpeechRecognitionUsageDescription = "Speech Recognition needs permission";
				INFOPLIST_KEY_UIApplicationSceneManifest_Generation = YES;
				INFOPLIST_KEY_UIApplicationSupportsIndirectInputEvents = YES;
				INFOPLIST_KEY_UILaunchScreen_Generation = YES;
				INFOPLIST_KEY_UISupportedInterfaceOrientations_iPad = "UIInterfaceOrientationPortrait UIInterfaceOrientationPortraitUpsideDown UIInterfaceOrientationLandscapeLeft UIInterfaceOrientationLandscapeRight";
				INFOPLIST_KEY_UISupportedInterfaceOrientations_iPhone = "UIInterfaceOrientationPortrait UIInterfaceOrientationLandscapeLeft UIInterfaceOrientationLandscapeRight";
				LD_RUNPATH_SEARCH_PATHS = (
					"$(inherited)",
					"@executable_path/Frameworks",
				);
				MARKETING_VERSION = 1.0;
				PRODUCT_BUNDLE_IDENTIFIER = sirpa.org.Sirpa;
				PRODUCT_NAME = "$(TARGET_NAME)";
				SWIFT_EMIT_LOC_STRINGS = YES;
				SWIFT_VERSION = 5.0;
				TARGETED_DEVICE_FAMILY = "1,2";
			};
			name = Release;
		};
		6AA71930291BCD4700F691FE /* Debug */ = {
			isa = XCBuildConfiguration;
			buildSettings = {
				ALWAYS_EMBED_SWIFT_STANDARD_LIBRARIES = YES;
				BUNDLE_LOADER = "$(TEST_HOST)";
				CODE_SIGN_STYLE = Automatic;
				CURRENT_PROJECT_VERSION = 1;
				GENERATE_INFOPLIST_FILE = YES;
				IPHONEOS_DEPLOYMENT_TARGET = 16.0;
				MARKETING_VERSION = 1.0;
				PRODUCT_BUNDLE_IDENTIFIER = sirpa.org.SirpaTests;
				PRODUCT_NAME = "$(TARGET_NAME)";
				SWIFT_EMIT_LOC_STRINGS = NO;
				SWIFT_VERSION = 5.0;
				TARGETED_DEVICE_FAMILY = "1,2";
				TEST_HOST = "$(BUILT_PRODUCTS_DIR)/Sirpa.app/$(BUNDLE_EXECUTABLE_FOLDER_PATH)/Sirpa";
			};
			name = Debug;
		};
		6AA71931291BCD4700F691FE /* Release */ = {
			isa = XCBuildConfiguration;
			buildSettings = {
				ALWAYS_EMBED_SWIFT_STANDARD_LIBRARIES = YES;
				BUNDLE_LOADER = "$(TEST_HOST)";
				CODE_SIGN_STYLE = Automatic;
				CURRENT_PROJECT_VERSION = 1;
				GENERATE_INFOPLIST_FILE = YES;
				IPHONEOS_DEPLOYMENT_TARGET = 16.0;
				MARKETING_VERSION = 1.0;
				PRODUCT_BUNDLE_IDENTIFIER = sirpa.org.SirpaTests;
				PRODUCT_NAME = "$(TARGET_NAME)";
				SWIFT_EMIT_LOC_STRINGS = NO;
				SWIFT_VERSION = 5.0;
				TARGETED_DEVICE_FAMILY = "1,2";
				TEST_HOST = "$(BUILT_PRODUCTS_DIR)/Sirpa.app/$(BUNDLE_EXECUTABLE_FOLDER_PATH)/Sirpa";
			};
			name = Release;
		};
		6AA71933291BCD4700F691FE /* Debug */ = {
			isa = XCBuildConfiguration;
			buildSettings = {
				ALWAYS_EMBED_SWIFT_STANDARD_LIBRARIES = YES;
				CODE_SIGN_STYLE = Automatic;
				CURRENT_PROJECT_VERSION = 1;
				GENERATE_INFOPLIST_FILE = YES;
				MARKETING_VERSION = 1.0;
				PRODUCT_BUNDLE_IDENTIFIER = sirpa.org.SirpaUITests;
				PRODUCT_NAME = "$(TARGET_NAME)";
				SWIFT_EMIT_LOC_STRINGS = NO;
				SWIFT_VERSION = 5.0;
				TARGETED_DEVICE_FAMILY = "1,2";
				TEST_TARGET_NAME = Sirpa;
			};
			name = Debug;
		};
		6AA71934291BCD4700F691FE /* Release */ = {
			isa = XCBuildConfiguration;
			buildSettings = {
				ALWAYS_EMBED_SWIFT_STANDARD_LIBRARIES = YES;
				CODE_SIGN_STYLE = Automatic;
				CURRENT_PROJECT_VERSION = 1;
				GENERATE_INFOPLIST_FILE = YES;
				MARKETING_VERSION = 1.0;
				PRODUCT_BUNDLE_IDENTIFIER = sirpa.org.SirpaUITests;
				PRODUCT_NAME = "$(TARGET_NAME)";
				SWIFT_EMIT_LOC_STRINGS = NO;
				SWIFT_VERSION = 5.0;
				TARGETED_DEVICE_FAMILY = "1,2";
				TEST_TARGET_NAME = Sirpa;
			};
			name = Release;
		};
/* End XCBuildConfiguration section */

/* Begin XCConfigurationList section */
		6AA718FD291BCD4500F691FE /* Build configuration list for PBXProject "Sirpa" */ = {
			isa = XCConfigurationList;
			buildConfigurations = (
				6AA7192A291BCD4700F691FE /* Debug */,
				6AA7192B291BCD4700F691FE /* Release */,
			);
			defaultConfigurationIsVisible = 0;
			defaultConfigurationName = Release;
		};
		6AA7192C291BCD4700F691FE /* Build configuration list for PBXNativeTarget "Sirpa" */ = {
			isa = XCConfigurationList;
			buildConfigurations = (
				6AA7192D291BCD4700F691FE /* Debug */,
				6AA7192E291BCD4700F691FE /* Release */,
			);
			defaultConfigurationIsVisible = 0;
			defaultConfigurationName = Release;
		};
		6AA7192F291BCD4700F691FE /* Build configuration list for PBXNativeTarget "SirpaTests" */ = {
			isa = XCConfigurationList;
			buildConfigurations = (
				6AA71930291BCD4700F691FE /* Debug */,
				6AA71931291BCD4700F691FE /* Release */,
			);
			defaultConfigurationIsVisible = 0;
			defaultConfigurationName = Release;
		};
		6AA71932291BCD4700F691FE /* Build configuration list for PBXNativeTarget "SirpaUITests" */ = {
			isa = XCConfigurationList;
			buildConfigurations = (
				6AA71933291BCD4700F691FE /* Debug */,
				6AA71934291BCD4700F691FE /* Release */,
			);
			defaultConfigurationIsVisible = 0;
			defaultConfigurationName = Release;
		};
/* End XCConfigurationList section */

/* Begin XCRemoteSwiftPackageReference section */
		6211CC7D292E370000E3A2C7 /* XCRemoteSwiftPackageReference "firebase-ios-sdk" */ = {
			isa = XCRemoteSwiftPackageReference;
			repositoryURL = "https://github.com/firebase/firebase-ios-sdk";
			requirement = {
				kind = upToNextMajorVersion;
				minimumVersion = 9.0.0;
			};
		};
/* End XCRemoteSwiftPackageReference section */

/* Begin XCSwiftPackageProductDependency section */
		6211CC7E292E370000E3A2C7 /* FirebaseFirestore */ = {
			isa = XCSwiftPackageProductDependency;
			package = 6211CC7D292E370000E3A2C7 /* XCRemoteSwiftPackageReference "firebase-ios-sdk" */;
			productName = FirebaseFirestore;
		};
		6211CC87292F7F7A00E3A2C7 /* FirebaseStorage */ = {
			isa = XCSwiftPackageProductDependency;
			package = 6211CC7D292E370000E3A2C7 /* XCRemoteSwiftPackageReference "firebase-ios-sdk" */;
			productName = FirebaseStorage;
		};
/* End XCSwiftPackageProductDependency section */

/* Begin XCVersionGroup section */
		6AA71910291BCD4700F691FE /* Sirpa.xcdatamodeld */ = {
			isa = XCVersionGroup;
			children = (
				6AA71911291BCD4700F691FE /* Sirpa.xcdatamodel */,
			);
			currentVersion = 6AA71911291BCD4700F691FE /* Sirpa.xcdatamodel */;
			path = Sirpa.xcdatamodeld;
			sourceTree = "<group>";
			versionGroupType = wrapper.xcdatamodel;
		};
/* End XCVersionGroup section */
	};
	rootObject = 6AA718FA291BCD4500F691FE /* Project object */;
}
